
Microsoft Visual Studio Solution File, Format Version 12.00
# Visual Studio 15
Project("{FAE04EC0-301F-11D3-BF4B-00C04F79EFBC}") = "Assembly-CSharp", "Assembly-CSharp.csproj", "{F34063B1-E28D-7612-BD8E-0AB7CC40ED2F}"
EndProject
Project("{FAE04EC0-301F-11D3-BF4B-00C04F79EFBC}") = "Assembly-CSharp-Editor", "Assembly-CSharp-Editor.csproj", "{0FC9B097-D3A5-FFAD-B85D-1CA0687A990D}"
EndProject
Global
	GlobalSection(SolutionConfigurationPlatforms) = preSolution
		Debug|Any CPU = Debug|Any CPU
		Release|Any CPU = Release|Any CPU
	EndGlobalSection
	GlobalSection(ProjectConfigurationPlatforms) = postSolution
		{F34063B1-E28D-7612-BD8E-0AB7CC40ED2F}.Debug|Any CPU.ActiveCfg = Debug|Any CPU
		{F34063B1-E28D-7612-BD8E-0AB7CC40ED2F}.Debug|Any CPU.Build.0 = Debug|Any CPU
		{F34063B1-E28D-7612-BD8E-0AB7CC40ED2F}.Release|Any CPU.ActiveCfg = Release|Any CPU
		{F34063B1-E28D-7612-BD8E-0AB7CC40ED2F}.Release|Any CPU.Build.0 = Release|Any CPU
		{0FC9B097-D3A5-FFAD-B85D-1CA0687A990D}.Debug|Any CPU.ActiveCfg = Debug|Any CPU
		{0FC9B097-D3A5-FFAD-B85D-1CA0687A990D}.Debug|Any CPU.Build.0 = Debug|Any CPU
		{0FC9B097-D3A5-FFAD-B85D-1CA0687A990D}.Release|Any CPU.ActiveCfg = Release|Any CPU
		{0FC9B097-D3A5-FFAD-B85D-1CA0687A990D}.Release|Any CPU.Build.0 = Release|Any CPU
	EndGlobalSection
	GlobalSection(SolutionProperties) = preSolution
		HideSolutionNode = FALSE
	EndGlobalSection
EndGlobal
